<?xml version="1.0" encoding="UTF-8" standalone="yes" ?>
<CodeBlocks_project_file>
	<FileVersion major="1" minor="6" />
	<Project>
		<Option title="FMM_3D" />
		<Option pch_mode="2" />
		<Option compiler="gcc" />
		<Build>
			<Target title="Debug">
				<Option output="bin/Debug/FMM_3D" prefix_auto="1" extension_auto="1" />
				<Option object_output="obj/Debug/" />
				<Option type="1" />
				<Option compiler="gcc" />
				<Option parameters="&gt;a.txt" />
				<Compiler>
					<Add option="-g" />
				</Compiler>
			</Target>
			<Target title="Release">
				<Option output="bin/Release/FMM_3D" prefix_auto="1" extension_auto="1" />
				<Option object_output="obj/Release/" />
				<Option type="1" />
				<Option compiler="gcc" />
				<Compiler>
					<Add option="-O2" />
				</Compiler>
				<Linker>
					<Add option="-s" />
				</Linker>
			</Target>
		</Build>
		<Compiler>
			<Add option="-std=c++11" />
			<Add option="-Wall" />
			<Add option="-fexceptions" />
			<Add directory="include" />
		</Compiler>
		<Unit filename="include/fmm_3d.hpp" />
		<Unit filename="include/setup.h" />
		<Unit filename="include/task_submission.h" />
		<Unit filename="include/types_3d.hpp" />
		<Unit filename="include/types_dist.hpp" />
		<Unit filename="include/util_3d.hpp" />
		<Unit filename="src/compute_3d.cpp" />
		<Unit filename="src/main.cpp" />
		<Unit filename="src/setup.cpp" />
		<Unit filename="src/task_submission.cpp" />
		<Unit filename="src/types_3d.cpp" />
		<Unit filename="src/types_dist.cpp" />
		<Unit filename="src/util_3d.cpp" />
		<Extensions>
			<code_completion />
			<envvars />
			<debugger />
			<lib_finder disable_auto="1" />
		</Extensions>
	</Project>
</CodeBlocks_project_file>
